
Microsoft Visual Studio Solution File, Format Version 12.00
# Visual Studio Version 16
VisualStudioVersion = 16.0.33801.447
MinimumVisualStudioVersion = 10.0.40219.1
Project("{FAE04EC0-301F-11D3-BF4B-00C04F79EFBC}") = "WpfApp1", "WpfApp1\WpfApp1.csproj", "{21A89D0B-A254-41B0-A2F1-307C5170806C}"
EndProject
Global
	GlobalSection(SolutionConfigurationPlatforms) = preSolution
		Debug|Any CPU = Debug|Any CPU
		Release|Any CPU = Release|Any CPU
	EndGlobalSection
	GlobalSection(ProjectConfigurationPlatforms) = postSolution
		{21A89D0B-A254-41B0-A2F1-307C5170806C}.Debug|Any CPU.ActiveCfg = Debug|Any CPU
		{21A89D0B-A254-41B0-A2F1-307C5170806C}.Debug|Any CPU.Build.0 = Debug|Any CPU
		{21A89D0B-A254-41B0-A2F1-307C5170806C}.Release|Any CPU.ActiveCfg = Release|Any CPU
		{21A89D0B-A254-41B0-A2F1-307C5170806C}.Release|Any CPU.Build.0 = Release|Any CPU
	EndGlobalSection
	GlobalSection(SolutionProperties) = preSolution
		HideSolutionNode = FALSE
	EndGlobalSection
	GlobalSection(ExtensibilityGlobals) = postSolution
		SolutionGuid = {1EC89386-D413-4E3E-9E68-F4221EA93AC3}
	EndGlobalSection
EndGlobal
